
Microsoft Visual Studio Solution File, Format Version 12.00
# Visual Studio Version 17
VisualStudioVersion = 17.7.34024.191
MinimumVisualStudioVersion = 10.0.40219.1
Project("{FAE04EC0-301F-11D3-BF4B-00C04F79EFBC}") = "IntroNet", "IntroNet\IntroNet.csproj", "{957167A4-8C81-4338-8C60-2CD8E073815B}"
EndProject
Global
	GlobalSection(SolutionConfigurationPlatforms) = preSolution
		Debug|Any CPU = Debug|Any CPU
		Release|Any CPU = Release|Any CPU
	EndGlobalSection
	GlobalSection(ProjectConfigurationPlatforms) = postSolution
		{957167A4-8C81-4338-8C60-2CD8E073815B}.Debug|Any CPU.ActiveCfg = Debug|Any CPU
		{957167A4-8C81-4338-8C60-2CD8E073815B}.Debug|Any CPU.Build.0 = Debug|Any CPU
		{957167A4-8C81-4338-8C60-2CD8E073815B}.Release|Any CPU.ActiveCfg = Release|Any CPU
		{957167A4-8C81-4338-8C60-2CD8E073815B}.Release|Any CPU.Build.0 = Release|Any CPU
	EndGlobalSection
	GlobalSection(SolutionProperties) = preSolution
		HideSolutionNode = FALSE
	EndGlobalSection
	GlobalSection(ExtensibilityGlobals) = postSolution
		SolutionGuid = {507F8CDC-99D4-48E8-94A6-6838D0849E70}
	EndGlobalSection
EndGlobal
