
Microsoft Visual Studio Solution File, Format Version 12.00
# Visual Studio Version 17
VisualStudioVersion = 17.7.34024.191
MinimumVisualStudioVersion = 10.0.40219.1
Project("{FAE04EC0-301F-11D3-BF4B-00C04F79EFBC}") = "DiceRoller", "DiceRoller\DiceRoller.csproj", "{38CB1968-8826-425C-A139-CEB81A351A8A}"
EndProject
Global
	GlobalSection(SolutionConfigurationPlatforms) = preSolution
		Debug|Any CPU = Debug|Any CPU
		Release|Any CPU = Release|Any CPU
	EndGlobalSection
	GlobalSection(ProjectConfigurationPlatforms) = postSolution
		{38CB1968-8826-425C-A139-CEB81A351A8A}.Debug|Any CPU.ActiveCfg = Debug|Any CPU
		{38CB1968-8826-425C-A139-CEB81A351A8A}.Debug|Any CPU.Build.0 = Debug|Any CPU
		{38CB1968-8826-425C-A139-CEB81A351A8A}.Release|Any CPU.ActiveCfg = Release|Any CPU
		{38CB1968-8826-425C-A139-CEB81A351A8A}.Release|Any CPU.Build.0 = Release|Any CPU
	EndGlobalSection
	GlobalSection(SolutionProperties) = preSolution
		HideSolutionNode = FALSE
	EndGlobalSection
	GlobalSection(ExtensibilityGlobals) = postSolution
		SolutionGuid = {80D1E750-9CB2-4D67-A9A6-1E30C60319CC}
	EndGlobalSection
EndGlobal
