
Microsoft Visual Studio Solution File, Format Version 12.00
# Visual Studio Version 17
VisualStudioVersion = 17.7.34024.191
MinimumVisualStudioVersion = 10.0.40219.1
Project("{FAE04EC0-301F-11D3-BF4B-00C04F79EFBC}") = "ArraysIntro", "ArraysIntro\ArraysIntro.csproj", "{093B9A1F-6270-4E8E-A224-24D980631DF6}"
EndProject
Global
	GlobalSection(SolutionConfigurationPlatforms) = preSolution
		Debug|Any CPU = Debug|Any CPU
		Release|Any CPU = Release|Any CPU
	EndGlobalSection
	GlobalSection(ProjectConfigurationPlatforms) = postSolution
		{093B9A1F-6270-4E8E-A224-24D980631DF6}.Debug|Any CPU.ActiveCfg = Debug|Any CPU
		{093B9A1F-6270-4E8E-A224-24D980631DF6}.Debug|Any CPU.Build.0 = Debug|Any CPU
		{093B9A1F-6270-4E8E-A224-24D980631DF6}.Release|Any CPU.ActiveCfg = Release|Any CPU
		{093B9A1F-6270-4E8E-A224-24D980631DF6}.Release|Any CPU.Build.0 = Release|Any CPU
	EndGlobalSection
	GlobalSection(SolutionProperties) = preSolution
		HideSolutionNode = FALSE
	EndGlobalSection
	GlobalSection(ExtensibilityGlobals) = postSolution
		SolutionGuid = {2F9081D7-8692-4CB5-9589-66C10E2FBAF0}
	EndGlobalSection
EndGlobal
