
Microsoft Visual Studio Solution File, Format Version 12.00
# Visual Studio Version 17
VisualStudioVersion = 17.7.34024.191
MinimumVisualStudioVersion = 10.0.40219.1
Project("{FAE04EC0-301F-11D3-BF4B-00C04F79EFBC}") = "LinqExercise", "LinqExercise\LinqExercise.csproj", "{788B8F3F-0692-483C-AFCA-FC42D8125826}"
EndProject
Global
	GlobalSection(SolutionConfigurationPlatforms) = preSolution
		Debug|Any CPU = Debug|Any CPU
		Release|Any CPU = Release|Any CPU
	EndGlobalSection
	GlobalSection(ProjectConfigurationPlatforms) = postSolution
		{788B8F3F-0692-483C-AFCA-FC42D8125826}.Debug|Any CPU.ActiveCfg = Debug|Any CPU
		{788B8F3F-0692-483C-AFCA-FC42D8125826}.Debug|Any CPU.Build.0 = Debug|Any CPU
		{788B8F3F-0692-483C-AFCA-FC42D8125826}.Release|Any CPU.ActiveCfg = Release|Any CPU
		{788B8F3F-0692-483C-AFCA-FC42D8125826}.Release|Any CPU.Build.0 = Release|Any CPU
	EndGlobalSection
	GlobalSection(SolutionProperties) = preSolution
		HideSolutionNode = FALSE
	EndGlobalSection
	GlobalSection(ExtensibilityGlobals) = postSolution
		SolutionGuid = {6C5BA274-613A-43D0-ADBF-7E4B2FD2A8D9}
	EndGlobalSection
EndGlobal
